
Microsoft Visual Studio Solution File, Format Version 12.00
Project("{2150E333-8FDC-42A3-9474-1A3956D46DE8}") = "src", "src", "{AB7BA763-8AA6-4ACF-9B80-11EF5203B788}"
EndProject
Project("{2150E333-8FDC-42A3-9474-1A3956D46DE8}") = "test", "test", "{F8DD69E6-94FE-4186-92DC-7FF297739DF6}"
EndProject
Project("{2150E333-8FDC-42A3-9474-1A3956D46DE8}") = "3-Infrastructure", "3-Infrastructure", "{C5376F11-9703-4ED7-A162-A7BA6D5B0175}"
EndProject
Project("{2150E333-8FDC-42A3-9474-1A3956D46DE8}") = "2-Domain", "2-Domain", "{2C90D90E-0E67-48F1-87A0-C206A91CA80E}"
EndProject
Project("{2150E333-8FDC-42A3-9474-1A3956D46DE8}") = "1-Application", "1-Application", "{118CC18E-6D40-41C5-AB33-4394CFB75623}"
EndProject
Project("{FAE04EC0-301F-11D3-BF4B-00C04F79EFBC}") = "FinTrack.Domain.Models", "FinTrack.Domain.Models\FinTrack.Domain.Models.csproj", "{400419E3-3547-4F64-8683-7BAA000AF32A}"
EndProject
Project("{FAE04EC0-301F-11D3-BF4B-00C04F79EFBC}") = "FinTrack.Application.WebApi", "FinTrack.Application.WebApi\FinTrack.Application.WebApi.csproj", "{0901A09E-820A-44F0-BB78-73B30B818C56}"
EndProject
Project("{FAE04EC0-301F-11D3-BF4B-00C04F79EFBC}") = "FinTrack.Infrastructure.Database", "FinTrack.Infrastructure.Database\FinTrack.Infrastructure.Database.csproj", "{851C1E64-2555-46A5-8BBF-2F102C252068}"
EndProject
Global
	GlobalSection(SolutionConfigurationPlatforms) = preSolution
		Debug|Any CPU = Debug|Any CPU
		Release|Any CPU = Release|Any CPU
	EndGlobalSection
	GlobalSection(NestedProjects) = preSolution
		{C5376F11-9703-4ED7-A162-A7BA6D5B0175} = {AB7BA763-8AA6-4ACF-9B80-11EF5203B788}
		{2C90D90E-0E67-48F1-87A0-C206A91CA80E} = {AB7BA763-8AA6-4ACF-9B80-11EF5203B788}
		{118CC18E-6D40-41C5-AB33-4394CFB75623} = {AB7BA763-8AA6-4ACF-9B80-11EF5203B788}
		{400419E3-3547-4F64-8683-7BAA000AF32A} = {2C90D90E-0E67-48F1-87A0-C206A91CA80E}
		{0901A09E-820A-44F0-BB78-73B30B818C56} = {118CC18E-6D40-41C5-AB33-4394CFB75623}
		{851C1E64-2555-46A5-8BBF-2F102C252068} = {C5376F11-9703-4ED7-A162-A7BA6D5B0175}
	EndGlobalSection
	GlobalSection(ProjectConfigurationPlatforms) = postSolution
		{400419E3-3547-4F64-8683-7BAA000AF32A}.Debug|Any CPU.ActiveCfg = Debug|Any CPU
		{400419E3-3547-4F64-8683-7BAA000AF32A}.Debug|Any CPU.Build.0 = Debug|Any CPU
		{400419E3-3547-4F64-8683-7BAA000AF32A}.Release|Any CPU.ActiveCfg = Release|Any CPU
		{400419E3-3547-4F64-8683-7BAA000AF32A}.Release|Any CPU.Build.0 = Release|Any CPU
		{0901A09E-820A-44F0-BB78-73B30B818C56}.Debug|Any CPU.ActiveCfg = Debug|Any CPU
		{0901A09E-820A-44F0-BB78-73B30B818C56}.Debug|Any CPU.Build.0 = Debug|Any CPU
		{0901A09E-820A-44F0-BB78-73B30B818C56}.Release|Any CPU.ActiveCfg = Release|Any CPU
		{0901A09E-820A-44F0-BB78-73B30B818C56}.Release|Any CPU.Build.0 = Release|Any CPU
		{851C1E64-2555-46A5-8BBF-2F102C252068}.Debug|Any CPU.ActiveCfg = Debug|Any CPU
		{851C1E64-2555-46A5-8BBF-2F102C252068}.Debug|Any CPU.Build.0 = Debug|Any CPU
		{851C1E64-2555-46A5-8BBF-2F102C252068}.Release|Any CPU.ActiveCfg = Release|Any CPU
		{851C1E64-2555-46A5-8BBF-2F102C252068}.Release|Any CPU.Build.0 = Release|Any CPU
	EndGlobalSection
EndGlobal
